
Microsoft Visual Studio Solution File, Format Version 12.00
# Visual Studio Version 17
VisualStudioVersion = 17.6.33829.357
MinimumVisualStudioVersion = 10.0.40219.1
Project("{FAE04EC0-301F-11D3-BF4B-00C04F79EFBC}") = "Algorithm_002", "Algorithm_002\Algorithm_002.csproj", "{136564FF-EE3D-43F1-A040-3F6863152462}"
EndProject
Global
	GlobalSection(SolutionConfigurationPlatforms) = preSolution
		Debug|Any CPU = Debug|Any CPU
		Release|Any CPU = Release|Any CPU
	EndGlobalSection
	GlobalSection(ProjectConfigurationPlatforms) = postSolution
		{136564FF-EE3D-43F1-A040-3F6863152462}.Debug|Any CPU.ActiveCfg = Debug|Any CPU
		{136564FF-EE3D-43F1-A040-3F6863152462}.Debug|Any CPU.Build.0 = Debug|Any CPU
		{136564FF-EE3D-43F1-A040-3F6863152462}.Release|Any CPU.ActiveCfg = Release|Any CPU
		{136564FF-EE3D-43F1-A040-3F6863152462}.Release|Any CPU.Build.0 = Release|Any CPU
	EndGlobalSection
	GlobalSection(SolutionProperties) = preSolution
		HideSolutionNode = FALSE
	EndGlobalSection
	GlobalSection(ExtensibilityGlobals) = postSolution
		SolutionGuid = {FFB6B4FC-84CD-4A39-9DC8-1E6E93D8C8A5}
	EndGlobalSection
EndGlobal
