
Microsoft Visual Studio Solution File, Format Version 12.00
# Visual Studio Version 17
VisualStudioVersion = 17.6.33829.357
MinimumVisualStudioVersion = 10.0.40219.1
Project("{FAE04EC0-301F-11D3-BF4B-00C04F79EFBC}") = "Algorithim_014", "Algorithim_014\Algorithim_014.csproj", "{F70AAF8E-7EB6-4C0F-A78C-E35CB9CCCD00}"
EndProject
Global
	GlobalSection(SolutionConfigurationPlatforms) = preSolution
		Debug|Any CPU = Debug|Any CPU
		Release|Any CPU = Release|Any CPU
	EndGlobalSection
	GlobalSection(ProjectConfigurationPlatforms) = postSolution
		{F70AAF8E-7EB6-4C0F-A78C-E35CB9CCCD00}.Debug|Any CPU.ActiveCfg = Debug|Any CPU
		{F70AAF8E-7EB6-4C0F-A78C-E35CB9CCCD00}.Debug|Any CPU.Build.0 = Debug|Any CPU
		{F70AAF8E-7EB6-4C0F-A78C-E35CB9CCCD00}.Release|Any CPU.ActiveCfg = Release|Any CPU
		{F70AAF8E-7EB6-4C0F-A78C-E35CB9CCCD00}.Release|Any CPU.Build.0 = Release|Any CPU
	EndGlobalSection
	GlobalSection(SolutionProperties) = preSolution
		HideSolutionNode = FALSE
	EndGlobalSection
	GlobalSection(ExtensibilityGlobals) = postSolution
		SolutionGuid = {6635ED1B-C74D-420C-9F55-7A4EEB89107E}
	EndGlobalSection
EndGlobal
