
Microsoft Visual Studio Solution File, Format Version 12.00
# Visual Studio Version 17
VisualStudioVersion = 17.6.33829.357
MinimumVisualStudioVersion = 10.0.40219.1
Project("{FAE04EC0-301F-11D3-BF4B-00C04F79EFBC}") = "Algorithm_011", "Algorithm_011\Algorithm_011.csproj", "{92D1A6AF-F167-4010-8B45-1DF9DA340640}"
EndProject
Global
	GlobalSection(SolutionConfigurationPlatforms) = preSolution
		Debug|Any CPU = Debug|Any CPU
		Release|Any CPU = Release|Any CPU
	EndGlobalSection
	GlobalSection(ProjectConfigurationPlatforms) = postSolution
		{92D1A6AF-F167-4010-8B45-1DF9DA340640}.Debug|Any CPU.ActiveCfg = Debug|Any CPU
		{92D1A6AF-F167-4010-8B45-1DF9DA340640}.Debug|Any CPU.Build.0 = Debug|Any CPU
		{92D1A6AF-F167-4010-8B45-1DF9DA340640}.Release|Any CPU.ActiveCfg = Release|Any CPU
		{92D1A6AF-F167-4010-8B45-1DF9DA340640}.Release|Any CPU.Build.0 = Release|Any CPU
	EndGlobalSection
	GlobalSection(SolutionProperties) = preSolution
		HideSolutionNode = FALSE
	EndGlobalSection
	GlobalSection(ExtensibilityGlobals) = postSolution
		SolutionGuid = {03F0B47A-87C7-4EEE-964E-2AC3B0C04DD3}
	EndGlobalSection
EndGlobal
